
Microsoft Visual Studio Solution File, Format Version 12.00
# Visual Studio 2017
Project("{FAE04EC0-301F-11D3-BF4B-00C04F79EFBC}") = "Unity Tutorial 01.Plugins", "Unity Tutorial 01.Plugins.csproj", "{B23B751B-0908-ADC7-50D1-B15CAE6777DD}"
EndProject
Project("{FAE04EC0-301F-11D3-BF4B-00C04F79EFBC}") = "Unity Tutorial 01", "Unity Tutorial 01.csproj", "{8225847E-5262-9DF0-5A87-47B622D85F26}"
EndProject
Project("{FAE04EC0-301F-11D3-BF4B-00C04F79EFBC}") = "Unity Tutorial 01.Editor.Plugins", "Unity Tutorial 01.Editor.Plugins.csproj", "{043EF44C-CC9E-A3C2-90DC-D2002E3D9C6B}"
EndProject
Project("{FAE04EC0-301F-11D3-BF4B-00C04F79EFBC}") = "Unity Tutorial 01.Editor", "Unity Tutorial 01.Editor.csproj", "{888E5DC5-EF2A-C2CE-69BB-CD7AD4AFCA6E}"
EndProject
Global
	GlobalSection(SolutionConfigurationPlatforms) = preSolution
		Debug|Any CPU = Debug|Any CPU
		Release|Any CPU = Release|Any CPU
	EndGlobalSection
	GlobalSection(ProjectConfigurationPlatforms) = postSolution
		{B23B751B-0908-ADC7-50D1-B15CAE6777DD}.Debug|Any CPU.ActiveCfg = Debug|Any CPU
		{B23B751B-0908-ADC7-50D1-B15CAE6777DD}.Debug|Any CPU.Build.0 = Debug|Any CPU
		{B23B751B-0908-ADC7-50D1-B15CAE6777DD}.Release|Any CPU.ActiveCfg = Release|Any CPU
		{B23B751B-0908-ADC7-50D1-B15CAE6777DD}.Release|Any CPU.Build.0 = Release|Any CPU
		{8225847E-5262-9DF0-5A87-47B622D85F26}.Debug|Any CPU.ActiveCfg = Debug|Any CPU
		{8225847E-5262-9DF0-5A87-47B622D85F26}.Debug|Any CPU.Build.0 = Debug|Any CPU
		{8225847E-5262-9DF0-5A87-47B622D85F26}.Release|Any CPU.ActiveCfg = Release|Any CPU
		{8225847E-5262-9DF0-5A87-47B622D85F26}.Release|Any CPU.Build.0 = Release|Any CPU
		{043EF44C-CC9E-A3C2-90DC-D2002E3D9C6B}.Debug|Any CPU.ActiveCfg = Debug|Any CPU
		{043EF44C-CC9E-A3C2-90DC-D2002E3D9C6B}.Debug|Any CPU.Build.0 = Debug|Any CPU
		{043EF44C-CC9E-A3C2-90DC-D2002E3D9C6B}.Release|Any CPU.ActiveCfg = Release|Any CPU
		{043EF44C-CC9E-A3C2-90DC-D2002E3D9C6B}.Release|Any CPU.Build.0 = Release|Any CPU
		{888E5DC5-EF2A-C2CE-69BB-CD7AD4AFCA6E}.Debug|Any CPU.ActiveCfg = Debug|Any CPU
		{888E5DC5-EF2A-C2CE-69BB-CD7AD4AFCA6E}.Debug|Any CPU.Build.0 = Debug|Any CPU
		{888E5DC5-EF2A-C2CE-69BB-CD7AD4AFCA6E}.Release|Any CPU.ActiveCfg = Release|Any CPU
		{888E5DC5-EF2A-C2CE-69BB-CD7AD4AFCA6E}.Release|Any CPU.Build.0 = Release|Any CPU
	EndGlobalSection
	GlobalSection(SolutionProperties) = preSolution
		HideSolutionNode = FALSE
	EndGlobalSection
EndGlobal
